# THIS IS AN AUTOGENERATED FILE. DO NOT EDIT THIS FILE DIRECTLY.
# yarn lockfile v1


"@floating-ui/core@^1.4.1":
  version "1.4.1"
  resolved "https://registry.yarnpkg.com/@floating-ui/core/-/core-1.4.1.tgz#0d633f4b76052668afb932492ac452f7ebe97f17"
  integrity sha512-jk3WqquEJRlcyu7997NtR5PibI+y5bi+LS3hPmguVClypenMsCY3CBa3LAQnozRCtCrYWSEtAdiskpamuJRFOQ==
  dependencies:
    "@floating-ui/utils" "^0.1.1"

"@floating-ui/dom@^1.5.1":
  version "1.5.1"
  resolved "https://registry.yarnpkg.com/@floating-ui/dom/-/dom-1.5.1.tgz#88b70defd002fe851f17b4a25efb2d3c04d7a8d7"
  integrity sha512-KwvVcPSXg6mQygvA1TjbN/gh///36kKtllIF8SUm0qpFj8+rvYrpvlYdL1JoA71SHpDqgSSdGOSoQ0Mp3uY5aw==
  dependencies:
    "@floating-ui/core" "^1.4.1"
    "@floating-ui/utils" "^0.1.1"

"@floating-ui/react-dom@^2.0.1":
  version "2.0.2"
  resolved "https://registry.yarnpkg.com/@floating-ui/react-dom/-/react-dom-2.0.2.tgz#fab244d64db08e6bed7be4b5fcce65315ef44d20"
  integrity sha512-5qhlDvjaLmAst/rKb3VdlCinwTF4EYMiVxuuc/HVUjs46W0zgtbMmAZ1UTsDrRTxRmUEzl92mOtWbeeXL26lSQ==
  dependencies:
    "@floating-ui/dom" "^1.5.1"

"@floating-ui/react@^0.25.2":
  version "0.25.2"
  resolved "https://registry.yarnpkg.com/@floating-ui/react/-/react-0.25.2.tgz#a8c63ffc5bc9372e33e3b0865227150411efcc39"
  integrity sha512-3e10G9LFOgl32/SMWLBOwT7oVCtB+d5zBsU2GxTSVOvRgZexwno5MlYbc0BaXr+TR5EEGpqe9tg9OUbjlrVRnQ==
  dependencies:
    "@floating-ui/react-dom" "^2.0.1"
    "@floating-ui/utils" "^0.1.1"
    tabbable "^6.0.1"

"@floating-ui/utils@^0.1.1":
  version "0.1.1"
  resolved "https://registry.yarnpkg.com/@floating-ui/utils/-/utils-0.1.1.tgz#1a5b1959a528e374e8037c4396c3e825d6cf4a83"
  integrity sha512-m0G6wlnhm/AX0H12IOWtK8gASEMffnX08RtKkCgTdHb9JpHKGloI7icFfLg9ZmQeavcvR0PKmzxClyuFPSjKWw==

tabbable@^6.0.1:
  version "6.2.0"
  resolved "https://registry.yarnpkg.com/tabbable/-/tabbable-6.2.0.tgz#732fb62bc0175cfcec257330be187dcfba1f3b97"
  integrity sha512-Cat63mxsVJlzYvN51JmVXIgNoUokrIaT2zLclCXjRd8boZ0004U4KCs/sToJ75C6sdlByWxpYnb5Boif1VSFew==
